
Microsoft Visual Studio Solution File, Format Version 12.00
# Visual Studio Version 17
VisualStudioVersion = 17.1.32319.34
MinimumVisualStudioVersion = 10.0.40219.1
Project("{FAE04EC0-301F-11D3-BF4B-00C04F79EFBC}") = "CoinFlip", "CoinFlip\CoinFlip.csproj", "{3ECB63EC-EC81-4EC8-8104-0F395143FA1D}"
EndProject
Global
	GlobalSection(SolutionConfigurationPlatforms) = preSolution
		Debug|Any CPU = Debug|Any CPU
		Release|Any CPU = Release|Any CPU
	EndGlobalSection
	GlobalSection(ProjectConfigurationPlatforms) = postSolution
		{3ECB63EC-EC81-4EC8-8104-0F395143FA1D}.Debug|Any CPU.ActiveCfg = Debug|Any CPU
		{3ECB63EC-EC81-4EC8-8104-0F395143FA1D}.Debug|Any CPU.Build.0 = Debug|Any CPU
		{3ECB63EC-EC81-4EC8-8104-0F395143FA1D}.Release|Any CPU.ActiveCfg = Release|Any CPU
		{3ECB63EC-EC81-4EC8-8104-0F395143FA1D}.Release|Any CPU.Build.0 = Release|Any CPU
	EndGlobalSection
	GlobalSection(SolutionProperties) = preSolution
		HideSolutionNode = FALSE
	EndGlobalSection
	GlobalSection(ExtensibilityGlobals) = postSolution
		SolutionGuid = {37EA6945-F31C-4120-9C3F-669115BFF90D}
	EndGlobalSection
EndGlobal
