
Microsoft Visual Studio Solution File, Format Version 12.00
# Visual Studio Version 17
VisualStudioVersion = 17.1.32319.34
MinimumVisualStudioVersion = 10.0.40219.1
Project("{FAE04EC0-301F-11D3-BF4B-00C04F79EFBC}") = "Cards", "Cards\Cards.csproj", "{463600CC-6FCF-431C-A08B-9F01D18174C3}"
EndProject
Project("{FAE04EC0-301F-11D3-BF4B-00C04F79EFBC}") = "TestProject1", "TestProject1\TestProject1.csproj", "{31394C64-FAEA-4FB7-B411-54A4A67CF2B3}"
EndProject
Global
	GlobalSection(SolutionConfigurationPlatforms) = preSolution
		Debug|Any CPU = Debug|Any CPU
		Release|Any CPU = Release|Any CPU
	EndGlobalSection
	GlobalSection(ProjectConfigurationPlatforms) = postSolution
		{463600CC-6FCF-431C-A08B-9F01D18174C3}.Debug|Any CPU.ActiveCfg = Debug|Any CPU
		{463600CC-6FCF-431C-A08B-9F01D18174C3}.Debug|Any CPU.Build.0 = Debug|Any CPU
		{463600CC-6FCF-431C-A08B-9F01D18174C3}.Release|Any CPU.ActiveCfg = Release|Any CPU
		{463600CC-6FCF-431C-A08B-9F01D18174C3}.Release|Any CPU.Build.0 = Release|Any CPU
		{31394C64-FAEA-4FB7-B411-54A4A67CF2B3}.Debug|Any CPU.ActiveCfg = Debug|Any CPU
		{31394C64-FAEA-4FB7-B411-54A4A67CF2B3}.Debug|Any CPU.Build.0 = Debug|Any CPU
		{31394C64-FAEA-4FB7-B411-54A4A67CF2B3}.Release|Any CPU.ActiveCfg = Release|Any CPU
		{31394C64-FAEA-4FB7-B411-54A4A67CF2B3}.Release|Any CPU.Build.0 = Release|Any CPU
	EndGlobalSection
	GlobalSection(SolutionProperties) = preSolution
		HideSolutionNode = FALSE
	EndGlobalSection
	GlobalSection(ExtensibilityGlobals) = postSolution
		SolutionGuid = {5693D57F-E783-437A-9A75-267B3C785D6C}
	EndGlobalSection
EndGlobal
