
Microsoft Visual Studio Solution File, Format Version 12.00
# Visual Studio Version 17
VisualStudioVersion = 17.1.32228.430
MinimumVisualStudioVersion = 10.0.40219.1
Project("{FAE04EC0-301F-11D3-BF4B-00C04F79EFBC}") = "CoinFlipDemoApp", "CoinFlipDemoApp\CoinFlipDemoApp.csproj", "{D5231068-EE2E-4077-AD01-9024D5131ADF}"
EndProject
Global
	GlobalSection(SolutionConfigurationPlatforms) = preSolution
		Debug|Any CPU = Debug|Any CPU
		Release|Any CPU = Release|Any CPU
	EndGlobalSection
	GlobalSection(ProjectConfigurationPlatforms) = postSolution
		{D5231068-EE2E-4077-AD01-9024D5131ADF}.Debug|Any CPU.ActiveCfg = Debug|Any CPU
		{D5231068-EE2E-4077-AD01-9024D5131ADF}.Debug|Any CPU.Build.0 = Debug|Any CPU
		{D5231068-EE2E-4077-AD01-9024D5131ADF}.Release|Any CPU.ActiveCfg = Release|Any CPU
		{D5231068-EE2E-4077-AD01-9024D5131ADF}.Release|Any CPU.Build.0 = Release|Any CPU
	EndGlobalSection
	GlobalSection(SolutionProperties) = preSolution
		HideSolutionNode = FALSE
	EndGlobalSection
	GlobalSection(ExtensibilityGlobals) = postSolution
		SolutionGuid = {AC6BF045-1A7B-4895-9A7B-AEA9DB1AFFD2}
	EndGlobalSection
EndGlobal
