
Microsoft Visual Studio Solution File, Format Version 12.00
# Visual Studio Version 17
VisualStudioVersion = 17.3.32611.2
MinimumVisualStudioVersion = 10.0.40219.1
Project("{FAE04EC0-301F-11D3-BF4B-00C04F79EFBC}") = "Coin", "Coin\Coin.csproj", "{8D2A1A61-8CA7-4B23-B6D1-3F3E568105A9}"
EndProject
Global
	GlobalSection(SolutionConfigurationPlatforms) = preSolution
		Debug|Any CPU = Debug|Any CPU
		Release|Any CPU = Release|Any CPU
	EndGlobalSection
	GlobalSection(ProjectConfigurationPlatforms) = postSolution
		{8D2A1A61-8CA7-4B23-B6D1-3F3E568105A9}.Debug|Any CPU.ActiveCfg = Debug|Any CPU
		{8D2A1A61-8CA7-4B23-B6D1-3F3E568105A9}.Debug|Any CPU.Build.0 = Debug|Any CPU
		{8D2A1A61-8CA7-4B23-B6D1-3F3E568105A9}.Release|Any CPU.ActiveCfg = Release|Any CPU
		{8D2A1A61-8CA7-4B23-B6D1-3F3E568105A9}.Release|Any CPU.Build.0 = Release|Any CPU
	EndGlobalSection
	GlobalSection(SolutionProperties) = preSolution
		HideSolutionNode = FALSE
	EndGlobalSection
	GlobalSection(ExtensibilityGlobals) = postSolution
		SolutionGuid = {D1923054-FFF3-4694-BC37-76A74B5C0F2C}
	EndGlobalSection
EndGlobal
