
Microsoft Visual Studio Solution File, Format Version 12.00
# Visual Studio Version 17
VisualStudioVersion = 17.2.32516.85
MinimumVisualStudioVersion = 10.0.40219.1
Project("{FAE04EC0-301F-11D3-BF4B-00C04F79EFBC}") = "coinstimulate", "coinstimulate\coinstimulate.csproj", "{B0CEEB37-381D-4B80-B45E-9FB8543890F3}"
EndProject
Project("{FAE04EC0-301F-11D3-BF4B-00C04F79EFBC}") = "CoinClass", "CoinClass\CoinClass.csproj", "{C8807FA4-B673-4F9F-8607-A58656AEF1D9}"
EndProject
Project("{00D1A9C2-B5F0-4AF3-8072-F6C62B433612}") = "Coindb", "Coindb\Coindb.sqlproj", "{97D5D93A-6134-479A-9CCE-8A5568947D7E}"
EndProject
Global
	GlobalSection(SolutionConfigurationPlatforms) = preSolution
		Debug|Any CPU = Debug|Any CPU
		Release|Any CPU = Release|Any CPU
	EndGlobalSection
	GlobalSection(ProjectConfigurationPlatforms) = postSolution
		{B0CEEB37-381D-4B80-B45E-9FB8543890F3}.Debug|Any CPU.ActiveCfg = Debug|Any CPU
		{B0CEEB37-381D-4B80-B45E-9FB8543890F3}.Debug|Any CPU.Build.0 = Debug|Any CPU
		{B0CEEB37-381D-4B80-B45E-9FB8543890F3}.Release|Any CPU.ActiveCfg = Release|Any CPU
		{B0CEEB37-381D-4B80-B45E-9FB8543890F3}.Release|Any CPU.Build.0 = Release|Any CPU
		{C8807FA4-B673-4F9F-8607-A58656AEF1D9}.Debug|Any CPU.ActiveCfg = Debug|Any CPU
		{C8807FA4-B673-4F9F-8607-A58656AEF1D9}.Debug|Any CPU.Build.0 = Debug|Any CPU
		{C8807FA4-B673-4F9F-8607-A58656AEF1D9}.Release|Any CPU.ActiveCfg = Release|Any CPU
		{C8807FA4-B673-4F9F-8607-A58656AEF1D9}.Release|Any CPU.Build.0 = Release|Any CPU
		{97D5D93A-6134-479A-9CCE-8A5568947D7E}.Debug|Any CPU.ActiveCfg = Debug|Any CPU
		{97D5D93A-6134-479A-9CCE-8A5568947D7E}.Debug|Any CPU.Build.0 = Debug|Any CPU
		{97D5D93A-6134-479A-9CCE-8A5568947D7E}.Debug|Any CPU.Deploy.0 = Debug|Any CPU
		{97D5D93A-6134-479A-9CCE-8A5568947D7E}.Release|Any CPU.ActiveCfg = Release|Any CPU
		{97D5D93A-6134-479A-9CCE-8A5568947D7E}.Release|Any CPU.Build.0 = Release|Any CPU
		{97D5D93A-6134-479A-9CCE-8A5568947D7E}.Release|Any CPU.Deploy.0 = Release|Any CPU
	EndGlobalSection
	GlobalSection(SolutionProperties) = preSolution
		HideSolutionNode = FALSE
	EndGlobalSection
	GlobalSection(ExtensibilityGlobals) = postSolution
		SolutionGuid = {2D0F92AF-9635-4B1B-A5C3-A5CD2357732B}
	EndGlobalSection
EndGlobal
