
Microsoft Visual Studio Solution File, Format Version 12.00
# Visual Studio Version 17
VisualStudioVersion = 17.1.32319.34
MinimumVisualStudioVersion = 10.0.40219.1
Project("{FAE04EC0-301F-11D3-BF4B-00C04F79EFBC}") = "coin", "coin\coin.csproj", "{7836D06D-C8D5-410B-AB8C-A80B4DA70894}"
EndProject
Global
	GlobalSection(SolutionConfigurationPlatforms) = preSolution
		Debug|Any CPU = Debug|Any CPU
		Release|Any CPU = Release|Any CPU
	EndGlobalSection
	GlobalSection(ProjectConfigurationPlatforms) = postSolution
		{7836D06D-C8D5-410B-AB8C-A80B4DA70894}.Debug|Any CPU.ActiveCfg = Debug|Any CPU
		{7836D06D-C8D5-410B-AB8C-A80B4DA70894}.Debug|Any CPU.Build.0 = Debug|Any CPU
		{7836D06D-C8D5-410B-AB8C-A80B4DA70894}.Release|Any CPU.ActiveCfg = Release|Any CPU
		{7836D06D-C8D5-410B-AB8C-A80B4DA70894}.Release|Any CPU.Build.0 = Release|Any CPU
	EndGlobalSection
	GlobalSection(SolutionProperties) = preSolution
		HideSolutionNode = FALSE
	EndGlobalSection
	GlobalSection(ExtensibilityGlobals) = postSolution
		SolutionGuid = {4E023F7E-2E8B-4546-8AA5-E6BEB1152F17}
	EndGlobalSection
EndGlobal
