
Microsoft Visual Studio Solution File, Format Version 12.00
# Visual Studio Version 17
VisualStudioVersion = 17.1.32328.378
MinimumVisualStudioVersion = 10.0.40219.1
Project("{FAE04EC0-301F-11D3-BF4B-00C04F79EFBC}") = "CoinFlip", "CoinFlip\CoinFlip.csproj", "{2D086725-963F-4215-B0CB-8102C28648E2}"
EndProject
Global
	GlobalSection(SolutionConfigurationPlatforms) = preSolution
		Debug|Any CPU = Debug|Any CPU
		Release|Any CPU = Release|Any CPU
	EndGlobalSection
	GlobalSection(ProjectConfigurationPlatforms) = postSolution
		{2D086725-963F-4215-B0CB-8102C28648E2}.Debug|Any CPU.ActiveCfg = Debug|Any CPU
		{2D086725-963F-4215-B0CB-8102C28648E2}.Debug|Any CPU.Build.0 = Debug|Any CPU
		{2D086725-963F-4215-B0CB-8102C28648E2}.Release|Any CPU.ActiveCfg = Release|Any CPU
		{2D086725-963F-4215-B0CB-8102C28648E2}.Release|Any CPU.Build.0 = Release|Any CPU
	EndGlobalSection
	GlobalSection(SolutionProperties) = preSolution
		HideSolutionNode = FALSE
	EndGlobalSection
	GlobalSection(ExtensibilityGlobals) = postSolution
		SolutionGuid = {C5A589E3-34E5-43D0-9CE6-7C97206DE19D}
	EndGlobalSection
EndGlobal
