
Microsoft Visual Studio Solution File, Format Version 12.00
# Visual Studio Version 17
VisualStudioVersion = 17.1.32319.34
MinimumVisualStudioVersion = 10.0.40219.1
Project("{9A19103F-16F7-4668-BE54-9A1E7A4F7556}") = "CoinTest", "CoinTest\CoinTest.csproj", "{26456650-C487-4EEB-97E9-ABD827FA5821}"
EndProject
Project("{9A19103F-16F7-4668-BE54-9A1E7A4F7556}") = "CoinWeb", "CoinWeb\CoinWeb.csproj", "{DE074DE1-1029-4BD8-9486-D185635825DA}"
EndProject
Project("{FAE04EC0-301F-11D3-BF4B-00C04F79EFBC}") = "CoinClass", "CoinClass\CoinClass.csproj", "{AEEBA728-4774-4E81-817F-D4ABAB9350E6}"
EndProject
Project("{00D1A9C2-B5F0-4AF3-8072-F6C62B433612}") = "CoinDataBase", "CoinDataBase\CoinDataBase.sqlproj", "{760E999E-8AD2-41FC-8949-38546BF119E0}"
EndProject
Global
	GlobalSection(SolutionConfigurationPlatforms) = preSolution
		Debug|Any CPU = Debug|Any CPU
		Release|Any CPU = Release|Any CPU
	EndGlobalSection
	GlobalSection(ProjectConfigurationPlatforms) = postSolution
		{26456650-C487-4EEB-97E9-ABD827FA5821}.Debug|Any CPU.ActiveCfg = Debug|Any CPU
		{26456650-C487-4EEB-97E9-ABD827FA5821}.Debug|Any CPU.Build.0 = Debug|Any CPU
		{26456650-C487-4EEB-97E9-ABD827FA5821}.Release|Any CPU.ActiveCfg = Release|Any CPU
		{26456650-C487-4EEB-97E9-ABD827FA5821}.Release|Any CPU.Build.0 = Release|Any CPU
		{DE074DE1-1029-4BD8-9486-D185635825DA}.Debug|Any CPU.ActiveCfg = Debug|Any CPU
		{DE074DE1-1029-4BD8-9486-D185635825DA}.Debug|Any CPU.Build.0 = Debug|Any CPU
		{DE074DE1-1029-4BD8-9486-D185635825DA}.Release|Any CPU.ActiveCfg = Release|Any CPU
		{DE074DE1-1029-4BD8-9486-D185635825DA}.Release|Any CPU.Build.0 = Release|Any CPU
		{AEEBA728-4774-4E81-817F-D4ABAB9350E6}.Debug|Any CPU.ActiveCfg = Debug|Any CPU
		{AEEBA728-4774-4E81-817F-D4ABAB9350E6}.Debug|Any CPU.Build.0 = Debug|Any CPU
		{AEEBA728-4774-4E81-817F-D4ABAB9350E6}.Release|Any CPU.ActiveCfg = Release|Any CPU
		{AEEBA728-4774-4E81-817F-D4ABAB9350E6}.Release|Any CPU.Build.0 = Release|Any CPU
		{760E999E-8AD2-41FC-8949-38546BF119E0}.Debug|Any CPU.ActiveCfg = Debug|Any CPU
		{760E999E-8AD2-41FC-8949-38546BF119E0}.Debug|Any CPU.Build.0 = Debug|Any CPU
		{760E999E-8AD2-41FC-8949-38546BF119E0}.Debug|Any CPU.Deploy.0 = Debug|Any CPU
		{760E999E-8AD2-41FC-8949-38546BF119E0}.Release|Any CPU.ActiveCfg = Release|Any CPU
		{760E999E-8AD2-41FC-8949-38546BF119E0}.Release|Any CPU.Build.0 = Release|Any CPU
		{760E999E-8AD2-41FC-8949-38546BF119E0}.Release|Any CPU.Deploy.0 = Release|Any CPU
	EndGlobalSection
	GlobalSection(SolutionProperties) = preSolution
		HideSolutionNode = FALSE
	EndGlobalSection
	GlobalSection(ExtensibilityGlobals) = postSolution
		SolutionGuid = {48240234-FC74-4B86-9A5B-C7757C996A0F}
	EndGlobalSection
EndGlobal
