
Microsoft Visual Studio Solution File, Format Version 12.00
# Visual Studio Version 17
VisualStudioVersion = 17.2.32616.157
MinimumVisualStudioVersion = 10.0.40219.1
Project("{FAE04EC0-301F-11D3-BF4B-00C04F79EFBC}") = "fliping_a_coin", "fliping_a_coin\fliping_a_coin.csproj", "{D6264886-E526-4083-BEC1-73D56BF8301C}"
EndProject
Global
	GlobalSection(SolutionConfigurationPlatforms) = preSolution
		Debug|Any CPU = Debug|Any CPU
		Release|Any CPU = Release|Any CPU
	EndGlobalSection
	GlobalSection(ProjectConfigurationPlatforms) = postSolution
		{D6264886-E526-4083-BEC1-73D56BF8301C}.Debug|Any CPU.ActiveCfg = Debug|Any CPU
		{D6264886-E526-4083-BEC1-73D56BF8301C}.Debug|Any CPU.Build.0 = Debug|Any CPU
		{D6264886-E526-4083-BEC1-73D56BF8301C}.Release|Any CPU.ActiveCfg = Release|Any CPU
		{D6264886-E526-4083-BEC1-73D56BF8301C}.Release|Any CPU.Build.0 = Release|Any CPU
	EndGlobalSection
	GlobalSection(SolutionProperties) = preSolution
		HideSolutionNode = FALSE
	EndGlobalSection
	GlobalSection(ExtensibilityGlobals) = postSolution
		SolutionGuid = {96A719D4-8F18-4165-BC01-3EF5DFD9D74A}
	EndGlobalSection
EndGlobal
